# THIS IS AN AUTOGENERATED FILE. DO NOT EDIT THIS FILE DIRECTLY.
# yarn lockfile v1


flexsearch@^0.6.32:
  version "0.6.32"
  resolved "https://registry.yarnpkg.com/flexsearch/-/flexsearch-0.6.32.tgz#1e20684d317af65baa445cdd9864a5f5b320f510"
  integrity sha512-EF1BWkhwoeLtbIlDbY/vDSLBen/E5l/f1Vg7iX5CDymQCamcx1vhlc3tIZxIDplPjgi0jhG37c67idFbjg+v+Q==
